
Microsoft Visual Studio Solution File, Format Version 12.00
# Visual Studio Version 16
VisualStudioVersion = 16.0.32228.343
MinimumVisualStudioVersion = 10.0.40219.1
Project("{FAE04EC0-301F-11D3-BF4B-00C04F79EFBC}") = "UnitTestEX", "UnitTestEX\UnitTestEX.csproj", "{F49C85A3-C43E-4E4E-9B6D-BF090ACC9939}"
EndProject
Project("{FAE04EC0-301F-11D3-BF4B-00C04F79EFBC}") = "UnitTestEXTests", "UnitTestEXTests2\UnitTestEXTests.csproj", "{00E2D8B3-633A-41AA-B32C-1001D9222859}"
EndProject
Global
	GlobalSection(SolutionConfigurationPlatforms) = preSolution
		Debug|Any CPU = Debug|Any CPU
		Release|Any CPU = Release|Any CPU
	EndGlobalSection
	GlobalSection(ProjectConfigurationPlatforms) = postSolution
		{F49C85A3-C43E-4E4E-9B6D-BF090ACC9939}.Debug|Any CPU.ActiveCfg = Debug|Any CPU
		{F49C85A3-C43E-4E4E-9B6D-BF090ACC9939}.Debug|Any CPU.Build.0 = Debug|Any CPU
		{F49C85A3-C43E-4E4E-9B6D-BF090ACC9939}.Release|Any CPU.ActiveCfg = Release|Any CPU
		{F49C85A3-C43E-4E4E-9B6D-BF090ACC9939}.Release|Any CPU.Build.0 = Release|Any CPU
		{00E2D8B3-633A-41AA-B32C-1001D9222859}.Debug|Any CPU.ActiveCfg = Debug|Any CPU
		{00E2D8B3-633A-41AA-B32C-1001D9222859}.Debug|Any CPU.Build.0 = Debug|Any CPU
		{00E2D8B3-633A-41AA-B32C-1001D9222859}.Release|Any CPU.ActiveCfg = Release|Any CPU
		{00E2D8B3-633A-41AA-B32C-1001D9222859}.Release|Any CPU.Build.0 = Release|Any CPU
	EndGlobalSection
	GlobalSection(SolutionProperties) = preSolution
		HideSolutionNode = FALSE
	EndGlobalSection
	GlobalSection(ExtensibilityGlobals) = postSolution
		SolutionGuid = {5FA16C7E-880B-4736-B5D7-F396B61AB4E3}
	EndGlobalSection
EndGlobal
